// !$*UTF8*$!
{
	archiveVersion = 1;
	classes = {
	};
	objectVersion = 50;
	objects = {

/* Begin PBXBuildFile section */
		D538B6192429A6CE007E44EA /* CreateListViewController.swift in Sources */ = {isa = PBXBuildFile; fileRef = D538B6182429A6CE007E44EA /* CreateListViewController.swift */; };
		D538B61B2429A943007E44EA /* ListRandomViewController.swift in Sources */ = {isa = PBXBuildFile; fileRef = D538B61A2429A943007E44EA /* ListRandomViewController.swift */; };
		D538B61D242A236F007E44EA /* DataModel.swift in Sources */ = {isa = PBXBuildFile; fileRef = D538B61C242A236F007E44EA /* DataModel.swift */; };
		D54883B1242D337F00024E16 /* GradientView.swift in Sources */ = {isa = PBXBuildFile; fileRef = D54883B0242D337F00024E16 /* GradientView.swift */; };
		D555CC9F242D603B007377F1 /* DataModelTests.swift in Sources */ = {isa = PBXBuildFile; fileRef = D555CC9E242D603B007377F1 /* DataModelTests.swift */; };
		D555CCA2242D6306007377F1 /* QueryModelTests.swift in Sources */ = {isa = PBXBuildFile; fileRef = D555CCA1242D6306007377F1 /* QueryModelTests.swift */; };
		D555CCA4242D8D8C007377F1 /* RandomModelTests.swift in Sources */ = {isa = PBXBuildFile; fileRef = D555CCA3242D8D8C007377F1 /* RandomModelTests.swift */; };
		D55AD673242AC38D001EECA4 /* ListViewController.swift in Sources */ = {isa = PBXBuildFile; fileRef = D55AD672242AC38D001EECA4 /* ListViewController.swift */; };
		D55AD675242AEBD9001EECA4 /* QueryModel.swift in Sources */ = {isa = PBXBuildFile; fileRef = D55AD674242AEBD9001EECA4 /* QueryModel.swift */; };
		D55AD677242AF77E001EECA4 /* ArrayModel.swift in Sources */ = {isa = PBXBuildFile; fileRef = D55AD676242AF77E001EECA4 /* ArrayModel.swift */; };
		D55AD679242AFA8A001EECA4 /* Random.swift in Sources */ = {isa = PBXBuildFile; fileRef = D55AD678242AFA8A001EECA4 /* Random.swift */; };
		D57FD7DB242CBC59006FEFE2 /* Buttons.swift in Sources */ = {isa = PBXBuildFile; fileRef = D57FD7DA242CBC59006FEFE2 /* Buttons.swift */; };
		D592E6C22428EEF000C7A299 /* DiceViewController.swift in Sources */ = {isa = PBXBuildFile; fileRef = D592E6C12428EEF000C7A299 /* DiceViewController.swift */; };
		D5EEBC102428E3CE001C49A7 /* AppDelegate.swift in Sources */ = {isa = PBXBuildFile; fileRef = D5EEBC0F2428E3CE001C49A7 /* AppDelegate.swift */; };
		D5EEBC122428E3CE001C49A7 /* SceneDelegate.swift in Sources */ = {isa = PBXBuildFile; fileRef = D5EEBC112428E3CE001C49A7 /* SceneDelegate.swift */; };
		D5EEBC142428E3CE001C49A7 /* NumbersViewController.swift in Sources */ = {isa = PBXBuildFile; fileRef = D5EEBC132428E3CE001C49A7 /* NumbersViewController.swift */; };
		D5EEBC172428E3CE001C49A7 /* Main.storyboard in Resources */ = {isa = PBXBuildFile; fileRef = D5EEBC152428E3CE001C49A7 /* Main.storyboard */; };
		D5EEBC192428E3D0001C49A7 /* Assets.xcassets in Resources */ = {isa = PBXBuildFile; fileRef = D5EEBC182428E3D0001C49A7 /* Assets.xcassets */; };
		D5EEBC1C2428E3D0001C49A7 /* LaunchScreen.storyboard in Resources */ = {isa = PBXBuildFile; fileRef = D5EEBC1A2428E3D0001C49A7 /* LaunchScreen.storyboard */; };
		D5EEBC272428E3D0001C49A7 /* RandomyTests.swift in Sources */ = {isa = PBXBuildFile; fileRef = D5EEBC262428E3D0001C49A7 /* RandomyTests.swift */; };
/* End PBXBuildFile section */

/* Begin PBXContainerItemProxy section */
		D5EEBC232428E3D0001C49A7 /* PBXContainerItemProxy */ = {
			isa = PBXContainerItemProxy;
			containerPortal = D5EEBC042428E3CE001C49A7 /* Project object */;
			proxyType = 1;
			remoteGlobalIDString = D5EEBC0B2428E3CE001C49A7;
			remoteInfo = Randomy;
		};
/* End PBXContainerItemProxy section */

/* Begin PBXFileReference section */
		D538B6182429A6CE007E44EA /* CreateListViewController.swift */ = {isa = PBXFileReference; lastKnownFileType = sourcecode.swift; path = CreateListViewController.swift; sourceTree = "<group>"; };
		D538B61A2429A943007E44EA /* ListRandomViewController.swift */ = {isa = PBXFileReference; lastKnownFileType = sourcecode.swift; path = ListRandomViewController.swift; sourceTree = "<group>"; };
		D538B61C242A236F007E44EA /* DataModel.swift */ = {isa = PBXFileReference; lastKnownFileType = sourcecode.swift; path = DataModel.swift; sourceTree = "<group>"; };
		D54883B0242D337F00024E16 /* GradientView.swift */ = {isa = PBXFileReference; lastKnownFileType = sourcecode.swift; path = GradientView.swift; sourceTree = "<group>"; };
		D555CC9E242D603B007377F1 /* DataModelTests.swift */ = {isa = PBXFileReference; lastKnownFileType = sourcecode.swift; path = DataModelTests.swift; sourceTree = "<group>"; };
		D555CCA1242D6306007377F1 /* QueryModelTests.swift */ = {isa = PBXFileReference; lastKnownFileType = sourcecode.swift; path = QueryModelTests.swift; sourceTree = "<group>"; };
		D555CCA3242D8D8C007377F1 /* RandomModelTests.swift */ = {isa = PBXFileReference; lastKnownFileType = sourcecode.swift; path = RandomModelTests.swift; sourceTree = "<group>"; };
		D55AD672242AC38D001EECA4 /* ListViewController.swift */ = {isa = PBXFileReference; lastKnownFileType = sourcecode.swift; path = ListViewController.swift; sourceTree = "<group>"; };
		D55AD674242AEBD9001EECA4 /* QueryModel.swift */ = {isa = PBXFileReference; lastKnownFileType = sourcecode.swift; path = QueryModel.swift; sourceTree = "<group>"; };
		D55AD676242AF77E001EECA4 /* ArrayModel.swift */ = {isa = PBXFileReference; lastKnownFileType = sourcecode.swift; path = ArrayModel.swift; sourceTree = "<group>"; };
		D55AD678242AFA8A001EECA4 /* Random.swift */ = {isa = PBXFileReference; lastKnownFileType = sourcecode.swift; path = Random.swift; sourceTree = "<group>"; };
		D57FD7DA242CBC59006FEFE2 /* Buttons.swift */ = {isa = PBXFileReference; lastKnownFileType = sourcecode.swift; path = Buttons.swift; sourceTree = "<group>"; };
		D592E6C12428EEF000C7A299 /* DiceViewController.swift */ = {isa = PBXFileReference; lastKnownFileType = sourcecode.swift; path = DiceViewController.swift; sourceTree = "<group>"; };
		D5EEBC0C2428E3CE001C49A7 /* Randomy.app */ = {isa = PBXFileReference; explicitFileType = wrapper.application; includeInIndex = 0; path = Randomy.app; sourceTree = BUILT_PRODUCTS_DIR; };
		D5EEBC0F2428E3CE001C49A7 /* AppDelegate.swift */ = {isa = PBXFileReference; lastKnownFileType = sourcecode.swift; path = AppDelegate.swift; sourceTree = "<group>"; };
		D5EEBC112428E3CE001C49A7 /* SceneDelegate.swift */ = {isa = PBXFileReference; lastKnownFileType = sourcecode.swift; path = SceneDelegate.swift; sourceTree = "<group>"; };
		D5EEBC132428E3CE001C49A7 /* NumbersViewController.swift */ = {isa = PBXFileReference; lastKnownFileType = sourcecode.swift; path = NumbersViewController.swift; sourceTree = "<group>"; };
		D5EEBC162428E3CE001C49A7 /* Base */ = {isa = PBXFileReference; lastKnownFileType = file.storyboard; name = Base; path = Base.lproj/Main.storyboard; sourceTree = "<group>"; };
		D5EEBC182428E3D0001C49A7 /* Assets.xcassets */ = {isa = PBXFileReference; lastKnownFileType = folder.assetcatalog; path = Assets.xcassets; sourceTree = "<group>"; };
		D5EEBC1B2428E3D0001C49A7 /* Base */ = {isa = PBXFileReference; lastKnownFileType = file.storyboard; name = Base; path = Base.lproj/LaunchScreen.storyboard; sourceTree = "<group>"; };
		D5EEBC1D2428E3D0001C49A7 /* Info.plist */ = {isa = PBXFileReference; lastKnownFileType = text.plist.xml; path = Info.plist; sourceTree = "<group>"; };
		D5EEBC222428E3D0001C49A7 /* RandomyTests.xctest */ = {isa = PBXFileReference; explicitFileType = wrapper.cfbundle; includeInIndex = 0; path = RandomyTests.xctest; sourceTree = BUILT_PRODUCTS_DIR; };
		D5EEBC262428E3D0001C49A7 /* RandomyTests.swift */ = {isa = PBXFileReference; lastKnownFileType = sourcecode.swift; path = RandomyTests.swift; sourceTree = "<group>"; };
		D5EEBC282428E3D0001C49A7 /* Info.plist */ = {isa = PBXFileReference; lastKnownFileType = text.plist.xml; path = Info.plist; sourceTree = "<group>"; };
/* End PBXFileReference section */

/* Begin PBXFrameworksBuildPhase section */
		D5EEBC092428E3CE001C49A7 /* Frameworks */ = {
			isa = PBXFrameworksBuildPhase;
			buildActionMask = 2147483647;
			files = (
			);
			runOnlyForDeploymentPostprocessing = 0;
		};
		D5EEBC1F2428E3D0001C49A7 /* Frameworks */ = {
			isa = PBXFrameworksBuildPhase;
			buildActionMask = 2147483647;
			files = (
			);
			runOnlyForDeploymentPostprocessing = 0;
		};
/* End PBXFrameworksBuildPhase section */

/* Begin PBXGroup section */
		D538B61E242A2374007E44EA /* Model */ = {
			isa = PBXGroup;
			children = (
				D538B61C242A236F007E44EA /* DataModel.swift */,
				D55AD674242AEBD9001EECA4 /* QueryModel.swift */,
				D55AD676242AF77E001EECA4 /* ArrayModel.swift */,
				D55AD678242AFA8A001EECA4 /* Random.swift */,
			);
			path = Model;
			sourceTree = "<group>";
		};
		D555CCA0242D603F007377F1 /* ModelTests */ = {
			isa = PBXGroup;
			children = (
				D555CC9E242D603B007377F1 /* DataModelTests.swift */,
				D555CCA1242D6306007377F1 /* QueryModelTests.swift */,
				D555CCA3242D8D8C007377F1 /* RandomModelTests.swift */,
			);
			path = ModelTests;
			sourceTree = "<group>";
		};
		D592E6BD2428ED8300C7A299 /* Controller */ = {
			isa = PBXGroup;
			children = (
				D55AD672242AC38D001EECA4 /* ListViewController.swift */,
				D538B6182429A6CE007E44EA /* CreateListViewController.swift */,
				D538B61A2429A943007E44EA /* ListRandomViewController.swift */,
				D5EEBC132428E3CE001C49A7 /* NumbersViewController.swift */,
				D592E6C12428EEF000C7A299 /* DiceViewController.swift */,
			);
			path = Controller;
			sourceTree = "<group>";
		};
		D592E6BE2428EDD300C7A299 /* View */ = {
			isa = PBXGroup;
			children = (
				D5EEBC152428E3CE001C49A7 /* Main.storyboard */,
				D57FD7DA242CBC59006FEFE2 /* Buttons.swift */,
				D54883B0242D337F00024E16 /* GradientView.swift */,
			);
			path = View;
			sourceTree = "<group>";
		};
		D5EEBC032428E3CE001C49A7 = {
			isa = PBXGroup;
			children = (
				D5EEBC0E2428E3CE001C49A7 /* Randomy */,
				D5EEBC252428E3D0001C49A7 /* RandomyTests */,
				D5EEBC0D2428E3CE001C49A7 /* Products */,
			);
			sourceTree = "<group>";
		};
		D5EEBC0D2428E3CE001C49A7 /* Products */ = {
			isa = PBXGroup;
			children = (
				D5EEBC0C2428E3CE001C49A7 /* Randomy.app */,
				D5EEBC222428E3D0001C49A7 /* RandomyTests.xctest */,
			);
			name = Products;
			sourceTree = "<group>";
		};
		D5EEBC0E2428E3CE001C49A7 /* Randomy */ = {
			isa = PBXGroup;
			children = (
				D5EEBC0F2428E3CE001C49A7 /* AppDelegate.swift */,
				D5EEBC112428E3CE001C49A7 /* SceneDelegate.swift */,
				D538B61E242A2374007E44EA /* Model */,
				D592E6BD2428ED8300C7A299 /* Controller */,
				D592E6BE2428EDD300C7A299 /* View */,
				D5EEBC182428E3D0001C49A7 /* Assets.xcassets */,
				D5EEBC1A2428E3D0001C49A7 /* LaunchScreen.storyboard */,
				D5EEBC1D2428E3D0001C49A7 /* Info.plist */,
			);
			path = Randomy;
			sourceTree = "<group>";
		};
		D5EEBC252428E3D0001C49A7 /* RandomyTests */ = {
			isa = PBXGroup;
			children = (
				D555CCA0242D603F007377F1 /* ModelTests */,
				D5EEBC262428E3D0001C49A7 /* RandomyTests.swift */,
				D5EEBC282428E3D0001C49A7 /* Info.plist */,
			);
			path = RandomyTests;
			sourceTree = "<group>";
		};
/* End PBXGroup section */

/* Begin PBXNativeTarget section */
		D5EEBC0B2428E3CE001C49A7 /* Randomy */ = {
			isa = PBXNativeTarget;
			buildConfigurationList = D5EEBC2B2428E3D0001C49A7 /* Build configuration list for PBXNativeTarget "Randomy" */;
			buildPhases = (
				D5EEBC082428E3CE001C49A7 /* Sources */,
				D5EEBC092428E3CE001C49A7 /* Frameworks */,
				D5EEBC0A2428E3CE001C49A7 /* Resources */,
			);
			buildRules = (
			);
			dependencies = (
			);
			name = Randomy;
			productName = Randomy;
			productReference = D5EEBC0C2428E3CE001C49A7 /* Randomy.app */;
			productType = "com.apple.product-type.application";
		};
		D5EEBC212428E3D0001C49A7 /* RandomyTests */ = {
			isa = PBXNativeTarget;
			buildConfigurationList = D5EEBC2E2428E3D0001C49A7 /* Build configuration list for PBXNativeTarget "RandomyTests" */;
			buildPhases = (
				D5EEBC1E2428E3D0001C49A7 /* Sources */,
				D5EEBC1F2428E3D0001C49A7 /* Frameworks */,
				D5EEBC202428E3D0001C49A7 /* Resources */,
			);
			buildRules = (
			);
			dependencies = (
				D5EEBC242428E3D0001C49A7 /* PBXTargetDependency */,
			);
			name = RandomyTests;
			productName = RandomyTests;
			productReference = D5EEBC222428E3D0001C49A7 /* RandomyTests.xctest */;
			productType = "com.apple.product-type.bundle.unit-test";
		};
/* End PBXNativeTarget section */

/* Begin PBXProject section */
		D5EEBC042428E3CE001C49A7 /* Project object */ = {
			isa = PBXProject;
			attributes = {
				LastSwiftUpdateCheck = 1130;
				LastUpgradeCheck = 1130;
				ORGANIZATIONNAME = "Vadym Slobodianiuk";
				TargetAttributes = {
					D5EEBC0B2428E3CE001C49A7 = {
						CreatedOnToolsVersion = 11.3.1;
					};
					D5EEBC212428E3D0001C49A7 = {
						CreatedOnToolsVersion = 11.3.1;
						TestTargetID = D5EEBC0B2428E3CE001C49A7;
					};
				};
			};
			buildConfigurationList = D5EEBC072428E3CE001C49A7 /* Build configuration list for PBXProject "Randomy" */;
			compatibilityVersion = "Xcode 9.3";
			developmentRegion = en;
			hasScannedForEncodings = 0;
			knownRegions = (
				en,
				Base,
			);
			mainGroup = D5EEBC032428E3CE001C49A7;
			productRefGroup = D5EEBC0D2428E3CE001C49A7 /* Products */;
			projectDirPath = "";
			projectRoot = "";
			targets = (
				D5EEBC0B2428E3CE001C49A7 /* Randomy */,
				D5EEBC212428E3D0001C49A7 /* RandomyTests */,
			);
		};
/* End PBXProject section */

/* Begin PBXResourcesBuildPhase section */
		D5EEBC0A2428E3CE001C49A7 /* Resources */ = {
			isa = PBXResourcesBuildPhase;
			buildActionMask = 2147483647;
			files = (
				D5EEBC1C2428E3D0001C49A7 /* LaunchScreen.storyboard in Resources */,
				D5EEBC192428E3D0001C49A7 /* Assets.xcassets in Resources */,
				D5EEBC172428E3CE001C49A7 /* Main.storyboard in Resources */,
			);
			runOnlyForDeploymentPostprocessing = 0;
		};
		D5EEBC202428E3D0001C49A7 /* Resources */ = {
			isa = PBXResourcesBuildPhase;
			buildActionMask = 2147483647;
			files = (
			);
			runOnlyForDeploymentPostprocessing = 0;
		};
/* End PBXResourcesBuildPhase section */

/* Begin PBXSourcesBuildPhase section */
		D5EEBC082428E3CE001C49A7 /* Sources */ = {
			isa = PBXSourcesBuildPhase;
			buildActionMask = 2147483647;
			files = (
				D55AD675242AEBD9001EECA4 /* QueryModel.swift in Sources */,
				D55AD677242AF77E001EECA4 /* ArrayModel.swift in Sources */,
				D538B6192429A6CE007E44EA /* CreateListViewController.swift in Sources */,
				D57FD7DB242CBC59006FEFE2 /* Buttons.swift in Sources */,
				D54883B1242D337F00024E16 /* GradientView.swift in Sources */,
				D5EEBC142428E3CE001C49A7 /* NumbersViewController.swift in Sources */,
				D592E6C22428EEF000C7A299 /* DiceViewController.swift in Sources */,
				D5EEBC102428E3CE001C49A7 /* AppDelegate.swift in Sources */,
				D538B61B2429A943007E44EA /* ListRandomViewController.swift in Sources */,
				D55AD673242AC38D001EECA4 /* ListViewController.swift in Sources */,
				D538B61D242A236F007E44EA /* DataModel.swift in Sources */,
				D5EEBC122428E3CE001C49A7 /* SceneDelegate.swift in Sources */,
				D55AD679242AFA8A001EECA4 /* Random.swift in Sources */,
			);
			runOnlyForDeploymentPostprocessing = 0;
		};
		D5EEBC1E2428E3D0001C49A7 /* Sources */ = {
			isa = PBXSourcesBuildPhase;
			buildActionMask = 2147483647;
			files = (
				D5EEBC272428E3D0001C49A7 /* RandomyTests.swift in Sources */,
				D555CC9F242D603B007377F1 /* DataModelTests.swift in Sources */,
				D555CCA4242D8D8C007377F1 /* RandomModelTests.swift in Sources */,
				D555CCA2242D6306007377F1 /* QueryModelTests.swift in Sources */,
			);
			runOnlyForDeploymentPostprocessing = 0;
		};
/* End PBXSourcesBuildPhase section */

/* Begin PBXTargetDependency section */
		D5EEBC242428E3D0001C49A7 /* PBXTargetDependency */ = {
			isa = PBXTargetDependency;
			target = D5EEBC0B2428E3CE001C49A7 /* Randomy */;
			targetProxy = D5EEBC232428E3D0001C49A7 /* PBXContainerItemProxy */;
		};
/* End PBXTargetDependency section */

/* Begin PBXVariantGroup section */
		D5EEBC152428E3CE001C49A7 /* Main.storyboard */ = {
			isa = PBXVariantGroup;
			children = (
				D5EEBC162428E3CE001C49A7 /* Base */,
			);
			name = Main.storyboard;
			sourceTree = "<group>";
		};
		D5EEBC1A2428E3D0001C49A7 /* LaunchScreen.storyboard */ = {
			isa = PBXVariantGroup;
			children = (
				D5EEBC1B2428E3D0001C49A7 /* Base */,
			);
			name = LaunchScreen.storyboard;
			sourceTree = "<group>";
		};
/* End PBXVariantGroup section */

/* Begin XCBuildConfiguration section */
		D5EEBC292428E3D0001C49A7 /* Debug */ = {
			isa = XCBuildConfiguration;
			buildSettings = {
				ALWAYS_SEARCH_USER_PATHS = NO;
				CLANG_ANALYZER_NONNULL = YES;
				CLANG_ANALYZER_NUMBER_OBJECT_CONVERSION = YES_AGGRESSIVE;
				CLANG_CXX_LANGUAGE_STANDARD = "gnu++14";
				CLANG_CXX_LIBRARY = "libc++";
				CLANG_ENABLE_MODULES = YES;
				CLANG_ENABLE_OBJC_ARC = YES;
				CLANG_ENABLE_OBJC_WEAK = YES;
				CLANG_WARN_BLOCK_CAPTURE_AUTORELEASING = YES;
				CLANG_WARN_BOOL_CONVERSION = YES;
				CLANG_WARN_COMMA = YES;
				CLANG_WARN_CONSTANT_CONVERSION = YES;
				CLANG_WARN_DEPRECATED_OBJC_IMPLEMENTATIONS = YES;
				CLANG_WARN_DIRECT_OBJC_ISA_USAGE = YES_ERROR;
				CLANG_WARN_DOCUMENTATION_COMMENTS = YES;
				CLANG_WARN_EMPTY_BODY = YES;
				CLANG_WARN_ENUM_CONVERSION = YES;
				CLANG_WARN_INFINITE_RECURSION = YES;
				CLANG_WARN_INT_CONVERSION = YES;
				CLANG_WARN_NON_LITERAL_NULL_CONVERSION = YES;
				CLANG_WARN_OBJC_IMPLICIT_RETAIN_SELF = YES;
				CLANG_WARN_OBJC_LITERAL_CONVERSION = YES;
				CLANG_WARN_OBJC_ROOT_CLASS = YES_ERROR;
				CLANG_WARN_RANGE_LOOP_ANALYSIS = YES;
				CLANG_WARN_STRICT_PROTOTYPES = YES;
				CLANG_WARN_SUSPICIOUS_MOVE = YES;
				CLANG_WARN_UNGUARDED_AVAILABILITY = YES_AGGRESSIVE;
				CLANG_WARN_UNREACHABLE_CODE = YES;
				CLANG_WARN__DUPLICATE_METHOD_MATCH = YES;
				COPY_PHASE_STRIP = NO;
				DEBUG_INFORMATION_FORMAT = dwarf;
				ENABLE_STRICT_OBJC_MSGSEND = YES;
				ENABLE_TESTABILITY = YES;
				GCC_C_LANGUAGE_STANDARD = gnu11;
				GCC_DYNAMIC_NO_PIC = NO;
				GCC_NO_COMMON_BLOCKS = YES;
				GCC_OPTIMIZATION_LEVEL = 0;
				GCC_PREPROCESSOR_DEFINITIONS = (
					"DEBUG=1",
					"$(inherited)",
				);
				GCC_WARN_64_TO_32_BIT_CONVERSION = YES;
				GCC_WARN_ABOUT_RETURN_TYPE = YES_ERROR;
				GCC_WARN_UNDECLARED_SELECTOR = YES;
				GCC_WARN_UNINITIALIZED_AUTOS = YES_AGGRESSIVE;
				GCC_WARN_UNUSED_FUNCTION = YES;
				GCC_WARN_UNUSED_VARIABLE = YES;
				IPHONEOS_DEPLOYMENT_TARGET = 13.2;
				MTL_ENABLE_DEBUG_INFO = INCLUDE_SOURCE;
				MTL_FAST_MATH = YES;
				ONLY_ACTIVE_ARCH = YES;
				SDKROOT = iphoneos;
				SWIFT_ACTIVE_COMPILATION_CONDITIONS = DEBUG;
				SWIFT_OPTIMIZATION_LEVEL = "-Onone";
			};
			name = Debug;
		};
		D5EEBC2A2428E3D0001C49A7 /* Release */ = {
			isa = XCBuildConfiguration;
			buildSettings = {
				ALWAYS_SEARCH_USER_PATHS = NO;
				CLANG_ANALYZER_NONNULL = YES;
				CLANG_ANALYZER_NUMBER_OBJECT_CONVERSION = YES_AGGRESSIVE;
				CLANG_CXX_LANGUAGE_STANDARD = "gnu++14";
				CLANG_CXX_LIBRARY = "libc++";
				CLANG_ENABLE_MODULES = YES;
				CLANG_ENABLE_OBJC_ARC = YES;
				CLANG_ENABLE_OBJC_WEAK = YES;
				CLANG_WARN_BLOCK_CAPTURE_AUTORELEASING = YES;
				CLANG_WARN_BOOL_CONVERSION = YES;
				CLANG_WARN_COMMA = YES;
				CLANG_WARN_CONSTANT_CONVERSION = YES;
				CLANG_WARN_DEPRECATED_OBJC_IMPLEMENTATIONS = YES;
				CLANG_WARN_DIRECT_OBJC_ISA_USAGE = YES_ERROR;
				CLANG_WARN_DOCUMENTATION_COMMENTS = YES;
				CLANG_WARN_EMPTY_BODY = YES;
				CLANG_WARN_ENUM_CONVERSION = YES;
				CLANG_WARN_INFINITE_RECURSION = YES;
				CLANG_WARN_INT_CONVERSION = YES;
				CLANG_WARN_NON_LITERAL_NULL_CONVERSION = YES;
				CLANG_WARN_OBJC_IMPLICIT_RETAIN_SELF = YES;
				CLANG_WARN_OBJC_LITERAL_CONVERSION = YES;
				CLANG_WARN_OBJC_ROOT_CLASS = YES_ERROR;
				CLANG_WARN_RANGE_LOOP_ANALYSIS = YES;
				CLANG_WARN_STRICT_PROTOTYPES = YES;
				CLANG_WARN_SUSPICIOUS_MOVE = YES;
				CLANG_WARN_UNGUARDED_AVAILABILITY = YES_AGGRESSIVE;
				CLANG_WARN_UNREACHABLE_CODE = YES;
				CLANG_WARN__DUPLICATE_METHOD_MATCH = YES;
				COPY_PHASE_STRIP = NO;
				DEBUG_INFORMATION_FORMAT = "dwarf-with-dsym";
				ENABLE_NS_ASSERTIONS = NO;
				ENABLE_STRICT_OBJC_MSGSEND = YES;
				GCC_C_LANGUAGE_STANDARD = gnu11;
				GCC_NO_COMMON_BLOCKS = YES;
				GCC_WARN_64_TO_32_BIT_CONVERSION = YES;
				GCC_WARN_ABOUT_RETURN_TYPE = YES_ERROR;
				GCC_WARN_UNDECLARED_SELECTOR = YES;
				GCC_WARN_UNINITIALIZED_AUTOS = YES_AGGRESSIVE;
				GCC_WARN_UNUSED_FUNCTION = YES;
				GCC_WARN_UNUSED_VARIABLE = YES;
				IPHONEOS_DEPLOYMENT_TARGET = 13.2;
				MTL_ENABLE_DEBUG_INFO = NO;
				MTL_FAST_MATH = YES;
				SDKROOT = iphoneos;
				SWIFT_COMPILATION_MODE = wholemodule;
				SWIFT_OPTIMIZATION_LEVEL = "-O";
				VALIDATE_PRODUCT = YES;
			};
			name = Release;
		};
		D5EEBC2C2428E3D0001C49A7 /* Debug */ = {
			isa = XCBuildConfiguration;
			buildSettings = {
				ASSETCATALOG_COMPILER_APPICON_NAME = AppIcon;
				CODE_SIGN_STYLE = Automatic;
				DEVELOPMENT_TEAM = KVLZH7HMMQ;
				INFOPLIST_FILE = Randomy/Info.plist;
				IPHONEOS_DEPLOYMENT_TARGET = 13.0;
				LD_RUNPATH_SEARCH_PATHS = (
					"$(inherited)",
					"@executable_path/Frameworks",
				);
				PRODUCT_BUNDLE_IDENTIFIER = v.slobodianiuk.Randomy;
				PRODUCT_NAME = "$(TARGET_NAME)";
				SWIFT_VERSION = 5.0;
				TARGETED_DEVICE_FAMILY = "1,2";
			};
			name = Debug;
		};
		D5EEBC2D2428E3D0001C49A7 /* Release */ = {
			isa = XCBuildConfiguration;
			buildSettings = {
				ASSETCATALOG_COMPILER_APPICON_NAME = AppIcon;
				CODE_SIGN_STYLE = Automatic;
				DEVELOPMENT_TEAM = KVLZH7HMMQ;
				INFOPLIST_FILE = Randomy/Info.plist;
				IPHONEOS_DEPLOYMENT_TARGET = 13.0;
				LD_RUNPATH_SEARCH_PATHS = (
					"$(inherited)",
					"@executable_path/Frameworks",
				);
				PRODUCT_BUNDLE_IDENTIFIER = v.slobodianiuk.Randomy;
				PRODUCT_NAME = "$(TARGET_NAME)";
				SWIFT_VERSION = 5.0;
				TARGETED_DEVICE_FAMILY = "1,2";
			};
			name = Release;
		};
		D5EEBC2F2428E3D0001C49A7 /* Debug */ = {
			isa = XCBuildConfiguration;
			buildSettings = {
				ALWAYS_EMBED_SWIFT_STANDARD_LIBRARIES = YES;
				BUNDLE_LOADER = "$(TEST_HOST)";
				CODE_SIGN_STYLE = Automatic;
				DEVELOPMENT_TEAM = KVLZH7HMMQ;
				INFOPLIST_FILE = RandomyTests/Info.plist;
				IPHONEOS_DEPLOYMENT_TARGET = 13.2;
				LD_RUNPATH_SEARCH_PATHS = (
					"$(inherited)",
					"@executable_path/Frameworks",
					"@loader_path/Frameworks",
				);
				PRODUCT_BUNDLE_IDENTIFIER = v.slobodianiuk.RandomyTests;
				PRODUCT_NAME = "$(TARGET_NAME)";
				SWIFT_VERSION = 5.0;
				TARGETED_DEVICE_FAMILY = "1,2";
				TEST_HOST = "$(BUILT_PRODUCTS_DIR)/Randomy.app/Randomy";
			};
			name = Debug;
		};
		D5EEBC302428E3D0001C49A7 /* Release */ = {
			isa = XCBuildConfiguration;
			buildSettings = {
				ALWAYS_EMBED_SWIFT_STANDARD_LIBRARIES = YES;
				BUNDLE_LOADER = "$(TEST_HOST)";
				CODE_SIGN_STYLE = Automatic;
				DEVELOPMENT_TEAM = KVLZH7HMMQ;
				INFOPLIST_FILE = RandomyTests/Info.plist;
				IPHONEOS_DEPLOYMENT_TARGET = 13.2;
				LD_RUNPATH_SEARCH_PATHS = (
					"$(inherited)",
					"@executable_path/Frameworks",
					"@loader_path/Frameworks",
				);
				PRODUCT_BUNDLE_IDENTIFIER = v.slobodianiuk.RandomyTests;
				PRODUCT_NAME = "$(TARGET_NAME)";
				SWIFT_VERSION = 5.0;
				TARGETED_DEVICE_FAMILY = "1,2";
				TEST_HOST = "$(BUILT_PRODUCTS_DIR)/Randomy.app/Randomy";
			};
			name = Release;
		};
/* End XCBuildConfiguration section */

/* Begin XCConfigurationList section */
		D5EEBC072428E3CE001C49A7 /* Build configuration list for PBXProject "Randomy" */ = {
			isa = XCConfigurationList;
			buildConfigurations = (
				D5EEBC292428E3D0001C49A7 /* Debug */,
				D5EEBC2A2428E3D0001C49A7 /* Release */,
			);
			defaultConfigurationIsVisible = 0;
			defaultConfigurationName = Release;
		};
		D5EEBC2B2428E3D0001C49A7 /* Build configuration list for PBXNativeTarget "Randomy" */ = {
			isa = XCConfigurationList;
			buildConfigurations = (
				D5EEBC2C2428E3D0001C49A7 /* Debug */,
				D5EEBC2D2428E3D0001C49A7 /* Release */,
			);
			defaultConfigurationIsVisible = 0;
			defaultConfigurationName = Release;
		};
		D5EEBC2E2428E3D0001C49A7 /* Build configuration list for PBXNativeTarget "RandomyTests" */ = {
			isa = XCConfigurationList;
			buildConfigurations = (
				D5EEBC2F2428E3D0001C49A7 /* Debug */,
				D5EEBC302428E3D0001C49A7 /* Release */,
			);
			defaultConfigurationIsVisible = 0;
			defaultConfigurationName = Release;
		};
/* End XCConfigurationList section */
	};
	rootObject = D5EEBC042428E3CE001C49A7 /* Project object */;
}
